// !$*UTF8*$!
{
	archiveVersion = 1;
	classes = {
	};
	objectVersion = 48;
	objects = {

/* Begin PBXBuildFile section */
		181A0A671FCD589600B12689 /* AppDelegate.swift in Sources */ = {isa = PBXBuildFile; fileRef = 181A0A661FCD589600B12689 /* AppDelegate.swift */; };
		181A0A6C1FCD589600B12689 /* Main.storyboard in Resources */ = {isa = PBXBuildFile; fileRef = 181A0A6A1FCD589600B12689 /* Main.storyboard */; };
		181A0A6E1FCD589600B12689 /* Assets.xcassets in Resources */ = {isa = PBXBuildFile; fileRef = 181A0A6D1FCD589600B12689 /* Assets.xcassets */; };
		181A0A711FCD589600B12689 /* LaunchScreen.storyboard in Resources */ = {isa = PBXBuildFile; fileRef = 181A0A6F1FCD589600B12689 /* LaunchScreen.storyboard */; };
		183F562F1FE3B332001E2B47 /* AudioShowVolumeView.swift in Sources */ = {isa = PBXBuildFile; fileRef = 183F56271FE3B331001E2B47 /* AudioShowVolumeView.swift */; };
		183F56301FE3B332001E2B47 /* SelectMusicTimeLabel.swift in Sources */ = {isa = PBXBuildFile; fileRef = 183F56281FE3B331001E2B47 /* SelectMusicTimeLabel.swift */; };
		183F56311FE3B332001E2B47 /* SelectMusicRangeView.swift in Sources */ = {isa = PBXBuildFile; fileRef = 183F56291FE3B331001E2B47 /* SelectMusicRangeView.swift */; };
		183F56321FE3B332001E2B47 /* SelectBackMusicVC.swift in Sources */ = {isa = PBXBuildFile; fileRef = 183F562C1FE3B332001E2B47 /* SelectBackMusicVC.swift */; };
		183F56331FE3B332001E2B47 /* RecorderController.swift in Sources */ = {isa = PBXBuildFile; fileRef = 183F562D1FE3B332001E2B47 /* RecorderController.swift */; };
		183F56341FE3B332001E2B47 /* RecorderController.xib in Resources */ = {isa = PBXBuildFile; fileRef = 183F562E1FE3B332001E2B47 /* RecorderController.xib */; };
		183F56381FE3B44C001E2B47 /* ZFAudioRecorder.swift in Sources */ = {isa = PBXBuildFile; fileRef = 183F56351FE3B44C001E2B47 /* ZFAudioRecorder.swift */; };
		183F56391FE3B44C001E2B47 /* ZFAudioPlayer.swift in Sources */ = {isa = PBXBuildFile; fileRef = 183F56361FE3B44C001E2B47 /* ZFAudioPlayer.swift */; };
		183F563A1FE3B44C001E2B47 /* ZFAudioFileTool.swift in Sources */ = {isa = PBXBuildFile; fileRef = 183F56371FE3B44C001E2B47 /* ZFAudioFileTool.swift */; };
		183F563F1FE3B492001E2B47 /* ZFFileTool.swift in Sources */ = {isa = PBXBuildFile; fileRef = 183F563D1FE3B491001E2B47 /* ZFFileTool.swift */; };
		183F56411FE3B4D2001E2B47 /* AudioDownloader.swift in Sources */ = {isa = PBXBuildFile; fileRef = 183F56401FE3B4D2001E2B47 /* AudioDownloader.swift */; };
/* End PBXBuildFile section */

/* Begin PBXFileReference section */
		181A0A631FCD589600B12689 /* ZFAudioRecoder.app */ = {isa = PBXFileReference; explicitFileType = wrapper.application; includeInIndex = 0; path = ZFAudioRecoder.app; sourceTree = BUILT_PRODUCTS_DIR; };
		181A0A661FCD589600B12689 /* AppDelegate.swift */ = {isa = PBXFileReference; lastKnownFileType = sourcecode.swift; path = AppDelegate.swift; sourceTree = "<group>"; };
		181A0A6B1FCD589600B12689 /* Base */ = {isa = PBXFileReference; lastKnownFileType = file.storyboard; name = Base; path = Base.lproj/Main.storyboard; sourceTree = "<group>"; };
		181A0A6D1FCD589600B12689 /* Assets.xcassets */ = {isa = PBXFileReference; lastKnownFileType = folder.assetcatalog; path = Assets.xcassets; sourceTree = "<group>"; };
		181A0A701FCD589600B12689 /* Base */ = {isa = PBXFileReference; lastKnownFileType = file.storyboard; name = Base; path = Base.lproj/LaunchScreen.storyboard; sourceTree = "<group>"; };
		181A0A721FCD589600B12689 /* Info.plist */ = {isa = PBXFileReference; lastKnownFileType = text.plist.xml; path = Info.plist; sourceTree = "<group>"; };
		183F56271FE3B331001E2B47 /* AudioShowVolumeView.swift */ = {isa = PBXFileReference; fileEncoding = 4; lastKnownFileType = sourcecode.swift; path = AudioShowVolumeView.swift; sourceTree = "<group>"; };
		183F56281FE3B331001E2B47 /* SelectMusicTimeLabel.swift */ = {isa = PBXFileReference; fileEncoding = 4; lastKnownFileType = sourcecode.swift; path = SelectMusicTimeLabel.swift; sourceTree = "<group>"; };
		183F56291FE3B331001E2B47 /* SelectMusicRangeView.swift */ = {isa = PBXFileReference; fileEncoding = 4; lastKnownFileType = sourcecode.swift; path = SelectMusicRangeView.swift; sourceTree = "<group>"; };
		183F562C1FE3B332001E2B47 /* SelectBackMusicVC.swift */ = {isa = PBXFileReference; fileEncoding = 4; lastKnownFileType = sourcecode.swift; path = SelectBackMusicVC.swift; sourceTree = "<group>"; };
		183F562D1FE3B332001E2B47 /* RecorderController.swift */ = {isa = PBXFileReference; fileEncoding = 4; lastKnownFileType = sourcecode.swift; path = RecorderController.swift; sourceTree = "<group>"; };
		183F562E1FE3B332001E2B47 /* RecorderController.xib */ = {isa = PBXFileReference; fileEncoding = 4; lastKnownFileType = file.xib; path = RecorderController.xib; sourceTree = "<group>"; };
		183F56351FE3B44C001E2B47 /* ZFAudioRecorder.swift */ = {isa = PBXFileReference; fileEncoding = 4; lastKnownFileType = sourcecode.swift; path = ZFAudioRecorder.swift; sourceTree = "<group>"; };
		183F56361FE3B44C001E2B47 /* ZFAudioPlayer.swift */ = {isa = PBXFileReference; fileEncoding = 4; lastKnownFileType = sourcecode.swift; path = ZFAudioPlayer.swift; sourceTree = "<group>"; };
		183F56371FE3B44C001E2B47 /* ZFAudioFileTool.swift */ = {isa = PBXFileReference; fileEncoding = 4; lastKnownFileType = sourcecode.swift; path = ZFAudioFileTool.swift; sourceTree = "<group>"; };
		183F563D1FE3B491001E2B47 /* ZFFileTool.swift */ = {isa = PBXFileReference; fileEncoding = 4; lastKnownFileType = sourcecode.swift; path = ZFFileTool.swift; sourceTree = "<group>"; };
		183F56401FE3B4D2001E2B47 /* AudioDownloader.swift */ = {isa = PBXFileReference; lastKnownFileType = sourcecode.swift; path = AudioDownloader.swift; sourceTree = "<group>"; };
/* End PBXFileReference section */

/* Begin PBXFrameworksBuildPhase section */
		181A0A601FCD589600B12689 /* Frameworks */ = {
			isa = PBXFrameworksBuildPhase;
			buildActionMask = 2147483647;
			files = (
			);
			runOnlyForDeploymentPostprocessing = 0;
		};
/* End PBXFrameworksBuildPhase section */

/* Begin PBXGroup section */
		181A0A5A1FCD589600B12689 = {
			isa = PBXGroup;
			children = (
				181A0A651FCD589600B12689 /* ZFAudioRecoder */,
				181A0A641FCD589600B12689 /* Products */,
			);
			sourceTree = "<group>";
		};
		181A0A641FCD589600B12689 /* Products */ = {
			isa = PBXGroup;
			children = (
				181A0A631FCD589600B12689 /* ZFAudioRecoder.app */,
			);
			name = Products;
			sourceTree = "<group>";
		};
		181A0A651FCD589600B12689 /* ZFAudioRecoder */ = {
			isa = PBXGroup;
			children = (
				183F563B1FE3B491001E2B47 /* Downloader */,
				181A0A781FCD58AB00B12689 /* ZFAudioRecoder */,
				183F562B1FE3B332001E2B47 /* Controller */,
				183F562A1FE3B331001E2B47 /* Model */,
				183F56261FE3B331001E2B47 /* View */,
				181A0A661FCD589600B12689 /* AppDelegate.swift */,
				181A0A6A1FCD589600B12689 /* Main.storyboard */,
				181A0A6D1FCD589600B12689 /* Assets.xcassets */,
				181A0A6F1FCD589600B12689 /* LaunchScreen.storyboard */,
				181A0A721FCD589600B12689 /* Info.plist */,
			);
			path = ZFAudioRecoder;
			sourceTree = "<group>";
		};
		181A0A781FCD58AB00B12689 /* ZFAudioRecoder */ = {
			isa = PBXGroup;
			children = (
				183F56351FE3B44C001E2B47 /* ZFAudioRecorder.swift */,
				183F56371FE3B44C001E2B47 /* ZFAudioFileTool.swift */,
				183F56361FE3B44C001E2B47 /* ZFAudioPlayer.swift */,
			);
			path = ZFAudioRecoder;
			sourceTree = "<group>";
		};
		183F56261FE3B331001E2B47 /* View */ = {
			isa = PBXGroup;
			children = (
				183F56271FE3B331001E2B47 /* AudioShowVolumeView.swift */,
				183F56281FE3B331001E2B47 /* SelectMusicTimeLabel.swift */,
				183F56291FE3B331001E2B47 /* SelectMusicRangeView.swift */,
			);
			path = View;
			sourceTree = "<group>";
		};
		183F562A1FE3B331001E2B47 /* Model */ = {
			isa = PBXGroup;
			children = (
			);
			path = Model;
			sourceTree = "<group>";
		};
		183F562B1FE3B332001E2B47 /* Controller */ = {
			isa = PBXGroup;
			children = (
				183F562C1FE3B332001E2B47 /* SelectBackMusicVC.swift */,
				183F562D1FE3B332001E2B47 /* RecorderController.swift */,
				183F562E1FE3B332001E2B47 /* RecorderController.xib */,
			);
			path = Controller;
			sourceTree = "<group>";
		};
		183F563B1FE3B491001E2B47 /* Downloader */ = {
			isa = PBXGroup;
			children = (
				183F56401FE3B4D2001E2B47 /* AudioDownloader.swift */,
				183F563D1FE3B491001E2B47 /* ZFFileTool.swift */,
			);
			path = Downloader;
			sourceTree = "<group>";
		};
/* End PBXGroup section */

/* Begin PBXNativeTarget section */
		181A0A621FCD589600B12689 /* ZFAudioRecoder */ = {
			isa = PBXNativeTarget;
			buildConfigurationList = 181A0A751FCD589600B12689 /* Build configuration list for PBXNativeTarget "ZFAudioRecoder" */;
			buildPhases = (
				181A0A5F1FCD589600B12689 /* Sources */,
				181A0A601FCD589600B12689 /* Frameworks */,
				181A0A611FCD589600B12689 /* Resources */,
			);
			buildRules = (
			);
			dependencies = (
			);
			name = ZFAudioRecoder;
			productName = ZFAudioRecoder;
			productReference = 181A0A631FCD589600B12689 /* ZFAudioRecoder.app */;
			productType = "com.apple.product-type.application";
		};
/* End PBXNativeTarget section */

/* Begin PBXProject section */
		181A0A5B1FCD589600B12689 /* Project object */ = {
			isa = PBXProject;
			attributes = {
				LastSwiftUpdateCheck = 0910;
				LastUpgradeCheck = 0910;
				ORGANIZATIONNAME = "周正飞";
				TargetAttributes = {
					181A0A621FCD589600B12689 = {
						CreatedOnToolsVersion = 9.1;
						ProvisioningStyle = Automatic;
					};
				};
			};
			buildConfigurationList = 181A0A5E1FCD589600B12689 /* Build configuration list for PBXProject "ZFAudioRecoder" */;
			compatibilityVersion = "Xcode 8.0";
			developmentRegion = en;
			hasScannedForEncodings = 0;
			knownRegions = (
				en,
				Base,
			);
			mainGroup = 181A0A5A1FCD589600B12689;
			productRefGroup = 181A0A641FCD589600B12689 /* Products */;
			projectDirPath = "";
			projectRoot = "";
			targets = (
				181A0A621FCD589600B12689 /* ZFAudioRecoder */,
			);
		};
/* End PBXProject section */

/* Begin PBXResourcesBuildPhase section */
		181A0A611FCD589600B12689 /* Resources */ = {
			isa = PBXResourcesBuildPhase;
			buildActionMask = 2147483647;
			files = (
				181A0A711FCD589600B12689 /* LaunchScreen.storyboard in Resources */,
				183F56341FE3B332001E2B47 /* RecorderController.xib in Resources */,
				181A0A6E1FCD589600B12689 /* Assets.xcassets in Resources */,
				181A0A6C1FCD589600B12689 /* Main.storyboard in Resources */,
			);
			runOnlyForDeploymentPostprocessing = 0;
		};
/* End PBXResourcesBuildPhase section */

/* Begin PBXSourcesBuildPhase section */
		181A0A5F1FCD589600B12689 /* Sources */ = {
			isa = PBXSourcesBuildPhase;
			buildActionMask = 2147483647;
			files = (
				183F562F1FE3B332001E2B47 /* AudioShowVolumeView.swift in Sources */,
				183F56321FE3B332001E2B47 /* SelectBackMusicVC.swift in Sources */,
				181A0A671FCD589600B12689 /* AppDelegate.swift in Sources */,
				183F563A1FE3B44C001E2B47 /* ZFAudioFileTool.swift in Sources */,
				183F56301FE3B332001E2B47 /* SelectMusicTimeLabel.swift in Sources */,
				183F56411FE3B4D2001E2B47 /* AudioDownloader.swift in Sources */,
				183F56311FE3B332001E2B47 /* SelectMusicRangeView.swift in Sources */,
				183F56391FE3B44C001E2B47 /* ZFAudioPlayer.swift in Sources */,
				183F56381FE3B44C001E2B47 /* ZFAudioRecorder.swift in Sources */,
				183F56331FE3B332001E2B47 /* RecorderController.swift in Sources */,
				183F563F1FE3B492001E2B47 /* ZFFileTool.swift in Sources */,
			);
			runOnlyForDeploymentPostprocessing = 0;
		};
/* End PBXSourcesBuildPhase section */

/* Begin PBXVariantGroup section */
		181A0A6A1FCD589600B12689 /* Main.storyboard */ = {
			isa = PBXVariantGroup;
			children = (
				181A0A6B1FCD589600B12689 /* Base */,
			);
			name = Main.storyboard;
			sourceTree = "<group>";
		};
		181A0A6F1FCD589600B12689 /* LaunchScreen.storyboard */ = {
			isa = PBXVariantGroup;
			children = (
				181A0A701FCD589600B12689 /* Base */,
			);
			name = LaunchScreen.storyboard;
			sourceTree = "<group>";
		};
/* End PBXVariantGroup section */

/* Begin XCBuildConfiguration section */
		181A0A731FCD589600B12689 /* Debug */ = {
			isa = XCBuildConfiguration;
			buildSettings = {
				ALWAYS_SEARCH_USER_PATHS = NO;
				CLANG_ANALYZER_NONNULL = YES;
				CLANG_ANALYZER_NUMBER_OBJECT_CONVERSION = YES_AGGRESSIVE;
				CLANG_CXX_LANGUAGE_STANDARD = "gnu++14";
				CLANG_CXX_LIBRARY = "libc++";
				CLANG_ENABLE_MODULES = YES;
				CLANG_ENABLE_OBJC_ARC = YES;
				CLANG_WARN_BLOCK_CAPTURE_AUTORELEASING = YES;
				CLANG_WARN_BOOL_CONVERSION = YES;
				CLANG_WARN_COMMA = YES;
				CLANG_WARN_CONSTANT_CONVERSION = YES;
				CLANG_WARN_DIRECT_OBJC_ISA_USAGE = YES_ERROR;
				CLANG_WARN_DOCUMENTATION_COMMENTS = YES;
				CLANG_WARN_EMPTY_BODY = YES;
				CLANG_WARN_ENUM_CONVERSION = YES;
				CLANG_WARN_INFINITE_RECURSION = YES;
				CLANG_WARN_INT_CONVERSION = YES;
				CLANG_WARN_NON_LITERAL_NULL_CONVERSION = YES;
				CLANG_WARN_OBJC_LITERAL_CONVERSION = YES;
				CLANG_WARN_OBJC_ROOT_CLASS = YES_ERROR;
				CLANG_WARN_RANGE_LOOP_ANALYSIS = YES;
				CLANG_WARN_STRICT_PROTOTYPES = YES;
				CLANG_WARN_SUSPICIOUS_MOVE = YES;
				CLANG_WARN_UNGUARDED_AVAILABILITY = YES_AGGRESSIVE;
				CLANG_WARN_UNREACHABLE_CODE = YES;
				CLANG_WARN__DUPLICATE_METHOD_MATCH = YES;
				CODE_SIGN_IDENTITY = "iPhone Developer";
				COPY_PHASE_STRIP = NO;
				DEBUG_INFORMATION_FORMAT = dwarf;
				ENABLE_STRICT_OBJC_MSGSEND = YES;
				ENABLE_TESTABILITY = YES;
				GCC_C_LANGUAGE_STANDARD = gnu11;
				GCC_DYNAMIC_NO_PIC = NO;
				GCC_NO_COMMON_BLOCKS = YES;
				GCC_OPTIMIZATION_LEVEL = 0;
				GCC_PREPROCESSOR_DEFINITIONS = (
					"DEBUG=1",
					"$(inherited)",
				);
				GCC_WARN_64_TO_32_BIT_CONVERSION = YES;
				GCC_WARN_ABOUT_RETURN_TYPE = YES_ERROR;
				GCC_WARN_UNDECLARED_SELECTOR = YES;
				GCC_WARN_UNINITIALIZED_AUTOS = YES_AGGRESSIVE;
				GCC_WARN_UNUSED_FUNCTION = YES;
				GCC_WARN_UNUSED_VARIABLE = YES;
				IPHONEOS_DEPLOYMENT_TARGET = 11.1;
				MTL_ENABLE_DEBUG_INFO = YES;
				ONLY_ACTIVE_ARCH = YES;
				SDKROOT = iphoneos;
				SWIFT_ACTIVE_COMPILATION_CONDITIONS = DEBUG;
				SWIFT_OPTIMIZATION_LEVEL = "-Onone";
			};
			name = Debug;
		};
		181A0A741FCD589600B12689 /* Release */ = {
			isa = XCBuildConfiguration;
			buildSettings = {
				ALWAYS_SEARCH_USER_PATHS = NO;
				CLANG_ANALYZER_NONNULL = YES;
				CLANG_ANALYZER_NUMBER_OBJECT_CONVERSION = YES_AGGRESSIVE;
				CLANG_CXX_LANGUAGE_STANDARD = "gnu++14";
				CLANG_CXX_LIBRARY = "libc++";
				CLANG_ENABLE_MODULES = YES;
				CLANG_ENABLE_OBJC_ARC = YES;
				CLANG_WARN_BLOCK_CAPTURE_AUTORELEASING = YES;
				CLANG_WARN_BOOL_CONVERSION = YES;
				CLANG_WARN_COMMA = YES;
				CLANG_WARN_CONSTANT_CONVERSION = YES;
				CLANG_WARN_DIRECT_OBJC_ISA_USAGE = YES_ERROR;
				CLANG_WARN_DOCUMENTATION_COMMENTS = YES;
				CLANG_WARN_EMPTY_BODY = YES;
				CLANG_WARN_ENUM_CONVERSION = YES;
				CLANG_WARN_INFINITE_RECURSION = YES;
				CLANG_WARN_INT_CONVERSION = YES;
				CLANG_WARN_NON_LITERAL_NULL_CONVERSION = YES;
				CLANG_WARN_OBJC_LITERAL_CONVERSION = YES;
				CLANG_WARN_OBJC_ROOT_CLASS = YES_ERROR;
				CLANG_WARN_RANGE_LOOP_ANALYSIS = YES;
				CLANG_WARN_STRICT_PROTOTYPES = YES;
				CLANG_WARN_SUSPICIOUS_MOVE = YES;
				CLANG_WARN_UNGUARDED_AVAILABILITY = YES_AGGRESSIVE;
				CLANG_WARN_UNREACHABLE_CODE = YES;
				CLANG_WARN__DUPLICATE_METHOD_MATCH = YES;
				CODE_SIGN_IDENTITY = "iPhone Developer";
				COPY_PHASE_STRIP = NO;
				DEBUG_INFORMATION_FORMAT = "dwarf-with-dsym";
				ENABLE_NS_ASSERTIONS = NO;
				ENABLE_STRICT_OBJC_MSGSEND = YES;
				GCC_C_LANGUAGE_STANDARD = gnu11;
				GCC_NO_COMMON_BLOCKS = YES;
				GCC_WARN_64_TO_32_BIT_CONVERSION = YES;
				GCC_WARN_ABOUT_RETURN_TYPE = YES_ERROR;
				GCC_WARN_UNDECLARED_SELECTOR = YES;
				GCC_WARN_UNINITIALIZED_AUTOS = YES_AGGRESSIVE;
				GCC_WARN_UNUSED_FUNCTION = YES;
				GCC_WARN_UNUSED_VARIABLE = YES;
				IPHONEOS_DEPLOYMENT_TARGET = 11.1;
				MTL_ENABLE_DEBUG_INFO = NO;
				SDKROOT = iphoneos;
				SWIFT_OPTIMIZATION_LEVEL = "-Owholemodule";
				VALIDATE_PRODUCT = YES;
			};
			name = Release;
		};
		181A0A761FCD589600B12689 /* Debug */ = {
			isa = XCBuildConfiguration;
			buildSettings = {
				ASSETCATALOG_COMPILER_APPICON_NAME = AppIcon;
				CODE_SIGN_STYLE = Automatic;
				INFOPLIST_FILE = ZFAudioRecoder/Info.plist;
				LD_RUNPATH_SEARCH_PATHS = "$(inherited) @executable_path/Frameworks";
				PRODUCT_BUNDLE_IDENTIFIER = Zafir.zzf.ZFAudioRecoder;
				PRODUCT_NAME = "$(TARGET_NAME)";
				SWIFT_VERSION = 4.0;
				TARGETED_DEVICE_FAMILY = "1,2";
			};
			name = Debug;
		};
		181A0A771FCD589600B12689 /* Release */ = {
			isa = XCBuildConfiguration;
			buildSettings = {
				ASSETCATALOG_COMPILER_APPICON_NAME = AppIcon;
				CODE_SIGN_STYLE = Automatic;
				INFOPLIST_FILE = ZFAudioRecoder/Info.plist;
				LD_RUNPATH_SEARCH_PATHS = "$(inherited) @executable_path/Frameworks";
				PRODUCT_BUNDLE_IDENTIFIER = Zafir.zzf.ZFAudioRecoder;
				PRODUCT_NAME = "$(TARGET_NAME)";
				SWIFT_VERSION = 4.0;
				TARGETED_DEVICE_FAMILY = "1,2";
			};
			name = Release;
		};
/* End XCBuildConfiguration section */

/* Begin XCConfigurationList section */
		181A0A5E1FCD589600B12689 /* Build configuration list for PBXProject "ZFAudioRecoder" */ = {
			isa = XCConfigurationList;
			buildConfigurations = (
				181A0A731FCD589600B12689 /* Debug */,
				181A0A741FCD589600B12689 /* Release */,
			);
			defaultConfigurationIsVisible = 0;
			defaultConfigurationName = Release;
		};
		181A0A751FCD589600B12689 /* Build configuration list for PBXNativeTarget "ZFAudioRecoder" */ = {
			isa = XCConfigurationList;
			buildConfigurations = (
				181A0A761FCD589600B12689 /* Debug */,
				181A0A771FCD589600B12689 /* Release */,
			);
			defaultConfigurationIsVisible = 0;
			defaultConfigurationName = Release;
		};
/* End XCConfigurationList section */
	};
	rootObject = 181A0A5B1FCD589600B12689 /* Project object */;
}
